
Microsoft Visual Studio Solution File, Format Version 12.00
# Visual Studio 2017
Project("{FAE04EC0-301F-11D3-BF4B-00C04F79EFBC}") = "Major work prototyping.Plugins", "Major work prototyping.Plugins.csproj", "{F9D80E93-6072-CF3D-D787-74FD33C44F24}"
EndProject
Project("{FAE04EC0-301F-11D3-BF4B-00C04F79EFBC}") = "Major work prototyping", "Major work prototyping.csproj", "{46193C93-BD2D-0B93-2295-A4CBAF37C7EA}"
EndProject
Project("{FAE04EC0-301F-11D3-BF4B-00C04F79EFBC}") = "Major work prototyping.Editor.Plugins", "Major work prototyping.Editor.Plugins.csproj", "{3124821C-6ADF-566F-634B-7A471B197E76}"
EndProject
Global
	GlobalSection(SolutionConfigurationPlatforms) = preSolution
		Debug|Any CPU = Debug|Any CPU
		Release|Any CPU = Release|Any CPU
	EndGlobalSection
	GlobalSection(ProjectConfigurationPlatforms) = postSolution
		{F9D80E93-6072-CF3D-D787-74FD33C44F24}.Debug|Any CPU.ActiveCfg = Debug|Any CPU
		{F9D80E93-6072-CF3D-D787-74FD33C44F24}.Debug|Any CPU.Build.0 = Debug|Any CPU
		{F9D80E93-6072-CF3D-D787-74FD33C44F24}.Release|Any CPU.ActiveCfg = Release|Any CPU
		{F9D80E93-6072-CF3D-D787-74FD33C44F24}.Release|Any CPU.Build.0 = Release|Any CPU
		{46193C93-BD2D-0B93-2295-A4CBAF37C7EA}.Debug|Any CPU.ActiveCfg = Debug|Any CPU
		{46193C93-BD2D-0B93-2295-A4CBAF37C7EA}.Debug|Any CPU.Build.0 = Debug|Any CPU
		{46193C93-BD2D-0B93-2295-A4CBAF37C7EA}.Release|Any CPU.ActiveCfg = Release|Any CPU
		{46193C93-BD2D-0B93-2295-A4CBAF37C7EA}.Release|Any CPU.Build.0 = Release|Any CPU
		{3124821C-6ADF-566F-634B-7A471B197E76}.Debug|Any CPU.ActiveCfg = Debug|Any CPU
		{3124821C-6ADF-566F-634B-7A471B197E76}.Debug|Any CPU.Build.0 = Debug|Any CPU
		{3124821C-6ADF-566F-634B-7A471B197E76}.Release|Any CPU.ActiveCfg = Release|Any CPU
		{3124821C-6ADF-566F-634B-7A471B197E76}.Release|Any CPU.Build.0 = Release|Any CPU
	EndGlobalSection
	GlobalSection(SolutionProperties) = preSolution
		HideSolutionNode = FALSE
	EndGlobalSection
EndGlobal
