
Microsoft Visual Studio Solution File, Format Version 12.00
# Visual Studio 2017
Project("{FAE04EC0-301F-11D3-BF4B-00C04F79EFBC}") = "Ai Functioning.Plugins", "Ai Functioning.Plugins.csproj", "{03AAAF9D-A73F-FA61-FBF9-36D474128B68}"
EndProject
Project("{FAE04EC0-301F-11D3-BF4B-00C04F79EFBC}") = "Ai Functioning", "Ai Functioning.csproj", "{385D0AF0-BFFE-EA79-4517-074F796FF255}"
EndProject
Project("{FAE04EC0-301F-11D3-BF4B-00C04F79EFBC}") = "Ai Functioning.Editor.Plugins", "Ai Functioning.Editor.Plugins.csproj", "{1E8A8076-3035-F6A4-BA54-049F978DCC9E}"
EndProject
Global
	GlobalSection(SolutionConfigurationPlatforms) = preSolution
		Debug|Any CPU = Debug|Any CPU
		Release|Any CPU = Release|Any CPU
	EndGlobalSection
	GlobalSection(ProjectConfigurationPlatforms) = postSolution
		{03AAAF9D-A73F-FA61-FBF9-36D474128B68}.Debug|Any CPU.ActiveCfg = Debug|Any CPU
		{03AAAF9D-A73F-FA61-FBF9-36D474128B68}.Debug|Any CPU.Build.0 = Debug|Any CPU
		{03AAAF9D-A73F-FA61-FBF9-36D474128B68}.Release|Any CPU.ActiveCfg = Release|Any CPU
		{03AAAF9D-A73F-FA61-FBF9-36D474128B68}.Release|Any CPU.Build.0 = Release|Any CPU
		{385D0AF0-BFFE-EA79-4517-074F796FF255}.Debug|Any CPU.ActiveCfg = Debug|Any CPU
		{385D0AF0-BFFE-EA79-4517-074F796FF255}.Debug|Any CPU.Build.0 = Debug|Any CPU
		{385D0AF0-BFFE-EA79-4517-074F796FF255}.Release|Any CPU.ActiveCfg = Release|Any CPU
		{385D0AF0-BFFE-EA79-4517-074F796FF255}.Release|Any CPU.Build.0 = Release|Any CPU
		{1E8A8076-3035-F6A4-BA54-049F978DCC9E}.Debug|Any CPU.ActiveCfg = Debug|Any CPU
		{1E8A8076-3035-F6A4-BA54-049F978DCC9E}.Debug|Any CPU.Build.0 = Debug|Any CPU
		{1E8A8076-3035-F6A4-BA54-049F978DCC9E}.Release|Any CPU.ActiveCfg = Release|Any CPU
		{1E8A8076-3035-F6A4-BA54-049F978DCC9E}.Release|Any CPU.Build.0 = Release|Any CPU
	EndGlobalSection
	GlobalSection(SolutionProperties) = preSolution
		HideSolutionNode = FALSE
	EndGlobalSection
EndGlobal
