
Microsoft Visual Studio Solution File, Format Version 11.00
# Visual Studio 2010
Project("{FAE04EC0-301F-11D3-BF4B-00C04F79EFBC}") = "MajorProject", "Assembly-CSharp-firstpass.csproj", "{FB0131B0-7011-5A94-C8D5-8C3526D243D6}"
EndProject
Project("{FAE04EC0-301F-11D3-BF4B-00C04F79EFBC}") = "MajorProject", "Assembly-CSharp.csproj", "{D44C0693-CEC6-5D4D-D5BA-E097992FE427}"
EndProject
Project("{FAE04EC0-301F-11D3-BF4B-00C04F79EFBC}") = "MajorProject", "Assembly-CSharp-Editor-firstpass.csproj", "{EAFD141A-061A-4BB2-7AEA-A0C03FC9359A}"
EndProject
Global
	GlobalSection(SolutionConfigurationPlatforms) = preSolution
		Debug|Any CPU = Debug|Any CPU
		Release|Any CPU = Release|Any CPU
	EndGlobalSection
	GlobalSection(ProjectConfigurationPlatforms) = postSolution
		{FB0131B0-7011-5A94-C8D5-8C3526D243D6}.Debug|Any CPU.ActiveCfg = Debug|Any CPU
		{FB0131B0-7011-5A94-C8D5-8C3526D243D6}.Debug|Any CPU.Build.0 = Debug|Any CPU
		{FB0131B0-7011-5A94-C8D5-8C3526D243D6}.Release|Any CPU.ActiveCfg = Release|Any CPU
		{FB0131B0-7011-5A94-C8D5-8C3526D243D6}.Release|Any CPU.Build.0 = Release|Any CPU
		{D44C0693-CEC6-5D4D-D5BA-E097992FE427}.Debug|Any CPU.ActiveCfg = Debug|Any CPU
		{D44C0693-CEC6-5D4D-D5BA-E097992FE427}.Debug|Any CPU.Build.0 = Debug|Any CPU
		{D44C0693-CEC6-5D4D-D5BA-E097992FE427}.Release|Any CPU.ActiveCfg = Release|Any CPU
		{D44C0693-CEC6-5D4D-D5BA-E097992FE427}.Release|Any CPU.Build.0 = Release|Any CPU
		{EAFD141A-061A-4BB2-7AEA-A0C03FC9359A}.Debug|Any CPU.ActiveCfg = Debug|Any CPU
		{EAFD141A-061A-4BB2-7AEA-A0C03FC9359A}.Debug|Any CPU.Build.0 = Debug|Any CPU
		{EAFD141A-061A-4BB2-7AEA-A0C03FC9359A}.Release|Any CPU.ActiveCfg = Release|Any CPU
		{EAFD141A-061A-4BB2-7AEA-A0C03FC9359A}.Release|Any CPU.Build.0 = Release|Any CPU
	EndGlobalSection
	GlobalSection(SolutionProperties) = preSolution
		HideSolutionNode = FALSE
	EndGlobalSection
	GlobalSection(MonoDevelopProperties) = preSolution
		StartupItem = Assembly-CSharp.csproj
	EndGlobalSection
EndGlobal
